<?xml version="1.0" encoding="utf-8"?>
<Project ToolsVersion="16.0" xmlns="http://schemas.microsoft.com/developer/msbuild/2003">
  <ItemGroup>
    <ClCompile Include="..\examples\replay_record_units.cc">
      <Filter>Source Files</Filter>
    </ClCompile>
    <ClCompile Include="..\..\m3bot\source\unit_spatial_map.cpp" />
  </ItemGroup>
  <ItemGroup>
    <ClInclude Include="C:\Users\Mike\Source\s2client-api\examples\common\bot_examples.h">
      <Filter>Header Files</Filter>
    </ClInclude>
    <ClInclude Include="..\..\m3bot\source\unit_spatial_map.h">
      <Filter>Header Files</Filter>
    </ClInclude>
  </ItemGroup>
  <ItemGroup>
    <CustomBuild Include="C:\Users\Mike\Source\s2client-api\examples\CMakeLists.txt" />
  </ItemGroup>
  <ItemGroup>
    <Filter Include="Header Files">
      <UniqueIdentifier>{655AE510-DCA5-38A8-8E38-3BCC823A7F3D}</UniqueIdentifier>
    </Filter>
    <Filter Include="Source Files">
      <UniqueIdentifier>{01A24F0D-1B6F-33E5-9E56-747FD8845DDD}</UniqueIdentifier>
    </Filter>
  </ItemGroup>
</Project>